
Microsoft Visual Studio Solution File, Format Version 12.00
# Visual Studio Version 16
VisualStudioVersion = 16.0.31829.152
MinimumVisualStudioVersion = 10.0.40219.1
Project("{9A19103F-16F7-4668-BE54-9A1E7A4F7556}") = "RPC.Test", "RPC.Test\RPC.Test.csproj", "{95DF21B8-F241-42B6-B1B3-7365A9365B87}"
EndProject
Project("{9A19103F-16F7-4668-BE54-9A1E7A4F7556}") = "RPC.Library", "RPC.Library\RPC.Library.csproj", "{ED005236-FD01-4CC4-A298-51336F36B726}"
EndProject
Global
	GlobalSection(SolutionConfigurationPlatforms) = preSolution
		Debug|Any CPU = Debug|Any CPU
		Release|Any CPU = Release|Any CPU
	EndGlobalSection
	GlobalSection(ProjectConfigurationPlatforms) = postSolution
		{95DF21B8-F241-42B6-B1B3-7365A9365B87}.Debug|Any CPU.ActiveCfg = Debug|Any CPU
		{95DF21B8-F241-42B6-B1B3-7365A9365B87}.Debug|Any CPU.Build.0 = Debug|Any CPU
		{95DF21B8-F241-42B6-B1B3-7365A9365B87}.Release|Any CPU.ActiveCfg = Release|Any CPU
		{95DF21B8-F241-42B6-B1B3-7365A9365B87}.Release|Any CPU.Build.0 = Release|Any CPU
		{ED005236-FD01-4CC4-A298-51336F36B726}.Debug|Any CPU.ActiveCfg = Debug|Any CPU
		{ED005236-FD01-4CC4-A298-51336F36B726}.Debug|Any CPU.Build.0 = Debug|Any CPU
		{ED005236-FD01-4CC4-A298-51336F36B726}.Release|Any CPU.ActiveCfg = Release|Any CPU
		{ED005236-FD01-4CC4-A298-51336F36B726}.Release|Any CPU.Build.0 = Release|Any CPU
	EndGlobalSection
	GlobalSection(SolutionProperties) = preSolution
		HideSolutionNode = FALSE
	EndGlobalSection
	GlobalSection(ExtensibilityGlobals) = postSolution
		SolutionGuid = {87E86E1F-2E35-4D43-A665-290207F79C45}
	EndGlobalSection
EndGlobal
